
Microsoft Visual Studio Solution File, Format Version 12.00
# Visual Studio Version 16
VisualStudioVersion = 16.0.31613.86
MinimumVisualStudioVersion = 10.0.40219.1
Project("{FAE04EC0-301F-11D3-BF4B-00C04F79EFBC}") = "SISVEC", "SISVEC\SISVEC.csproj", "{3C3B573E-DBE5-4085-8894-BB9037A563C3}"
EndProject
Global
	GlobalSection(SolutionConfigurationPlatforms) = preSolution
		Debug|Any CPU = Debug|Any CPU
		Release|Any CPU = Release|Any CPU
	EndGlobalSection
	GlobalSection(ProjectConfigurationPlatforms) = postSolution
		{3C3B573E-DBE5-4085-8894-BB9037A563C3}.Debug|Any CPU.ActiveCfg = Debug|Any CPU
		{3C3B573E-DBE5-4085-8894-BB9037A563C3}.Debug|Any CPU.Build.0 = Debug|Any CPU
		{3C3B573E-DBE5-4085-8894-BB9037A563C3}.Release|Any CPU.ActiveCfg = Release|Any CPU
		{3C3B573E-DBE5-4085-8894-BB9037A563C3}.Release|Any CPU.Build.0 = Release|Any CPU
	EndGlobalSection
	GlobalSection(SolutionProperties) = preSolution
		HideSolutionNode = FALSE
	EndGlobalSection
	GlobalSection(ExtensibilityGlobals) = postSolution
		SolutionGuid = {7C8938D4-E318-4E22-BC95-9DF51FB2D8FE}
	EndGlobalSection
EndGlobal
